{
  "name": "http-route",
  "version": "0.0.0",
  "lockfileVersion": 2,
  "requires": true,
  "packages": {
    "": {
      "name": "http-route",
      "version": "0.0.0",
      "license": "MIT",
      "dependencies": {
        "controller": "file:../controller",
        "http-controller": "file:../http-controller",
        "lib": "file:../lib"
      },
      "bin": {
        "http-route": "bin/index.js"
      }
    },
    "../controller": {
      "version": "0.0.0",
      "license": "MIT",
      "bin": {
        "controller": "bin/index.js"
      }
    },
    "../http-controller": {
      "version": "0.0.0",
      "license": "MIT",
      "dependencies": {
        "controller": "file:../controller",
        "dotenv": "16.0.3"
      },
      "bin": {
        "http-controller": "bin/index.js"
      },
      "devDependencies": {
        "vitest": "^0.24.0"
      }
    },
    "../lib": {
      "version": "0.0.0",
      "license": "MIT",
      "bin": {
        "lib": "bin/index.js"
      },
      "devDependencies": {
        "vitest": "^0.24.0"
      }
    },
    "node_modules/controller": {
      "resolved": "../controller",
      "link": true
    },
    "node_modules/http-controller": {
      "resolved": "../http-controller",
      "link": true
    },
    "node_modules/lib": {
      "resolved": "../lib",
      "link": true
    }
  },
  "dependencies": {
    "controller": {
      "version": "file:../controller"
    },
    "http-controller": {
      "version": "file:../http-controller",
      "requires": {
        "controller": "file:../controller",
        "dotenv": "16.0.3",
        "vitest": "^0.24.0"
      }
    },
    "lib": {
      "version": "file:../lib",
      "requires": {
        "vitest": "^0.24.0"
      }
    }
  }
}
